
Microsoft Visual Studio Solution File, Format Version 12.00
# Visual Studio 15
VisualStudioVersion = 15.0.26730.12
MinimumVisualStudioVersion = 10.0.40219.1
Project("{FAE04EC0-301F-11D3-BF4B-00C04F79EFBC}") = "WebService", "WebService\WebService.csproj", "{C796FE07-728F-4DE1-83FF-DA853AB55610}"
EndProject
Project("{FAE04EC0-301F-11D3-BF4B-00C04F79EFBC}") = "Website", "Website\Website.csproj", "{D272C8FB-7CA4-4D3C-9292-89968BE8E746}"
	ProjectSection(ProjectDependencies) = postProject
		{C796FE07-728F-4DE1-83FF-DA853AB55610} = {C796FE07-728F-4DE1-83FF-DA853AB55610}
	EndProjectSection
EndProject
Global
	GlobalSection(SolutionConfigurationPlatforms) = preSolution
		Debug|Any CPU = Debug|Any CPU
		Release|Any CPU = Release|Any CPU
	EndGlobalSection
	GlobalSection(ProjectConfigurationPlatforms) = postSolution
		{C796FE07-728F-4DE1-83FF-DA853AB55610}.Debug|Any CPU.ActiveCfg = Debug|Any CPU
		{C796FE07-728F-4DE1-83FF-DA853AB55610}.Debug|Any CPU.Build.0 = Debug|Any CPU
		{C796FE07-728F-4DE1-83FF-DA853AB55610}.Release|Any CPU.ActiveCfg = Release|Any CPU
		{C796FE07-728F-4DE1-83FF-DA853AB55610}.Release|Any CPU.Build.0 = Release|Any CPU
		{D272C8FB-7CA4-4D3C-9292-89968BE8E746}.Debug|Any CPU.ActiveCfg = Debug|Any CPU
		{D272C8FB-7CA4-4D3C-9292-89968BE8E746}.Debug|Any CPU.Build.0 = Debug|Any CPU
		{D272C8FB-7CA4-4D3C-9292-89968BE8E746}.Release|Any CPU.ActiveCfg = Release|Any CPU
		{D272C8FB-7CA4-4D3C-9292-89968BE8E746}.Release|Any CPU.Build.0 = Release|Any CPU
	EndGlobalSection
	GlobalSection(SolutionProperties) = preSolution
		HideSolutionNode = FALSE
	EndGlobalSection
	GlobalSection(ExtensibilityGlobals) = postSolution
		SolutionGuid = {0A7E29CA-51E5-480C-BF1E-528C605D8884}
	EndGlobalSection
EndGlobal
